
Microsoft Visual Studio Solution File, Format Version 12.00
# Visual Studio Version 17
VisualStudioVersion = 17.5.33627.172
MinimumVisualStudioVersion = 10.0.40219.1
Project("{FAE04EC0-301F-11D3-BF4B-00C04F79EFBC}") = "EntityFrameworkCore.ConsoleApp", "EntityFrameworkCore.ConsoleApp\EntityFrameworkCore.ConsoleApp.csproj", "{4A9ED332-02D0-4FD6-B419-44D918D20F9B}"
EndProject
Project("{FAE04EC0-301F-11D3-BF4B-00C04F79EFBC}") = "EntityFrameworkCore.Data", "EntityFrameworkCore.Data\EntityFrameworkCore.Data.csproj", "{34A27047-6ACC-4C7B-8469-F7451117F8E5}"
EndProject
Project("{FAE04EC0-301F-11D3-BF4B-00C04F79EFBC}") = "EntityFrameworkCore.Domain", "EntityFrameworkCore.Domain\EntityFrameworkCore.Domain.csproj", "{C44FDE79-D296-4C11-9F22-E532D9588240}"
EndProject
Project("{FAE04EC0-301F-11D3-BF4B-00C04F79EFBC}") = "EntityFrameworkCore.ScaffoldDb", "EntityFrameworkCore.ScaffoldDb\EntityFrameworkCore.ScaffoldDb.csproj", "{8AFE727D-9D01-480F-B3CC-B8C0413CF487}"
EndProject
Global
	GlobalSection(SolutionConfigurationPlatforms) = preSolution
		Debug|Any CPU = Debug|Any CPU
		Release|Any CPU = Release|Any CPU
	EndGlobalSection
	GlobalSection(ProjectConfigurationPlatforms) = postSolution
		{4A9ED332-02D0-4FD6-B419-44D918D20F9B}.Debug|Any CPU.ActiveCfg = Debug|Any CPU
		{4A9ED332-02D0-4FD6-B419-44D918D20F9B}.Debug|Any CPU.Build.0 = Debug|Any CPU
		{4A9ED332-02D0-4FD6-B419-44D918D20F9B}.Release|Any CPU.ActiveCfg = Release|Any CPU
		{4A9ED332-02D0-4FD6-B419-44D918D20F9B}.Release|Any CPU.Build.0 = Release|Any CPU
		{34A27047-6ACC-4C7B-8469-F7451117F8E5}.Debug|Any CPU.ActiveCfg = Debug|Any CPU
		{34A27047-6ACC-4C7B-8469-F7451117F8E5}.Debug|Any CPU.Build.0 = Debug|Any CPU
		{34A27047-6ACC-4C7B-8469-F7451117F8E5}.Release|Any CPU.ActiveCfg = Release|Any CPU
		{34A27047-6ACC-4C7B-8469-F7451117F8E5}.Release|Any CPU.Build.0 = Release|Any CPU
		{C44FDE79-D296-4C11-9F22-E532D9588240}.Debug|Any CPU.ActiveCfg = Debug|Any CPU
		{C44FDE79-D296-4C11-9F22-E532D9588240}.Debug|Any CPU.Build.0 = Debug|Any CPU
		{C44FDE79-D296-4C11-9F22-E532D9588240}.Release|Any CPU.ActiveCfg = Release|Any CPU
		{C44FDE79-D296-4C11-9F22-E532D9588240}.Release|Any CPU.Build.0 = Release|Any CPU
		{8AFE727D-9D01-480F-B3CC-B8C0413CF487}.Debug|Any CPU.ActiveCfg = Debug|Any CPU
		{8AFE727D-9D01-480F-B3CC-B8C0413CF487}.Debug|Any CPU.Build.0 = Debug|Any CPU
		{8AFE727D-9D01-480F-B3CC-B8C0413CF487}.Release|Any CPU.ActiveCfg = Release|Any CPU
		{8AFE727D-9D01-480F-B3CC-B8C0413CF487}.Release|Any CPU.Build.0 = Release|Any CPU
	EndGlobalSection
	GlobalSection(SolutionProperties) = preSolution
		HideSolutionNode = FALSE
	EndGlobalSection
	GlobalSection(ExtensibilityGlobals) = postSolution
		SolutionGuid = {FD63975F-1D58-4A0F-A97F-F8C33A06F1E7}
	EndGlobalSection
EndGlobal
